
Microsoft Visual Studio Solution File, Format Version 12.00
# Visual Studio 15
VisualStudioVersion = 15.0.27130.2027
MinimumVisualStudioVersion = 10.0.40219.1
Project("{E24C65DC-7377-472B-9ABA-BC803B73C61A}") = "L4", "L4\", "{73079F54-BD7D-4CDC-B364-DBD156ED5CDC}"
	ProjectSection(WebsiteProperties) = preProject
		TargetFrameworkMoniker = ".NETFramework,Version%3Dv4.6.1"
		Debug.AspNetCompiler.VirtualPath = "/localhost_62938"
		Debug.AspNetCompiler.PhysicalPath = "L4\"
		Debug.AspNetCompiler.TargetPath = "PrecompiledWeb\localhost_62938\"
		Debug.AspNetCompiler.Updateable = "true"
		Debug.AspNetCompiler.ForceOverwrite = "true"
		Debug.AspNetCompiler.FixedNames = "false"
		Debug.AspNetCompiler.Debug = "True"
		Release.AspNetCompiler.VirtualPath = "/localhost_62938"
		Release.AspNetCompiler.PhysicalPath = "L4\"
		Release.AspNetCompiler.TargetPath = "PrecompiledWeb\localhost_62938\"
		Release.AspNetCompiler.Updateable = "true"
		Release.AspNetCompiler.ForceOverwrite = "true"
		Release.AspNetCompiler.FixedNames = "false"
		Release.AspNetCompiler.Debug = "False"
		VWDPort = "62938"
		SlnRelativePath = "L4\"
		DefaultWebSiteLanguage = "Visual C#"
	EndProjectSection
EndProject
Global
	GlobalSection(SolutionConfigurationPlatforms) = preSolution
		Debug|Any CPU = Debug|Any CPU
		Release|Any CPU = Release|Any CPU
	EndGlobalSection
	GlobalSection(ProjectConfigurationPlatforms) = postSolution
		{73079F54-BD7D-4CDC-B364-DBD156ED5CDC}.Debug|Any CPU.ActiveCfg = Debug|Any CPU
		{73079F54-BD7D-4CDC-B364-DBD156ED5CDC}.Debug|Any CPU.Build.0 = Debug|Any CPU
		{73079F54-BD7D-4CDC-B364-DBD156ED5CDC}.Release|Any CPU.ActiveCfg = Debug|Any CPU
		{73079F54-BD7D-4CDC-B364-DBD156ED5CDC}.Release|Any CPU.Build.0 = Debug|Any CPU
	EndGlobalSection
	GlobalSection(SolutionProperties) = preSolution
		HideSolutionNode = FALSE
	EndGlobalSection
	GlobalSection(ExtensibilityGlobals) = postSolution
		SolutionGuid = {76352841-7D62-4297-8A12-32478E68C6D5}
	EndGlobalSection
EndGlobal
